// !$*UTF8*$!
{
	archiveVersion = 1;
	classes = {
	};
	objectVersion = 50;
	objects = {

/* Begin PBXBuildFile section */
		CD6373C92465CD57007DA867 /* NASAModel.mlmodel in Sources */ = {isa = PBXBuildFile; fileRef = CD6373C82465CD57007DA867 /* NASAModel.mlmodel */; };
		CD865B4E244CFC41009AA0BD /* AppDelegate.swift in Sources */ = {isa = PBXBuildFile; fileRef = CD865B4D244CFC41009AA0BD /* AppDelegate.swift */; };
		CD865B50244CFC41009AA0BD /* SceneDelegate.swift in Sources */ = {isa = PBXBuildFile; fileRef = CD865B4F244CFC41009AA0BD /* SceneDelegate.swift */; };
		CD865B52244CFC41009AA0BD /* ContentView.swift in Sources */ = {isa = PBXBuildFile; fileRef = CD865B51244CFC41009AA0BD /* ContentView.swift */; };
		CD865B54244CFC44009AA0BD /* Assets.xcassets in Resources */ = {isa = PBXBuildFile; fileRef = CD865B53244CFC44009AA0BD /* Assets.xcassets */; };
		CD865B57244CFC44009AA0BD /* Preview Assets.xcassets in Resources */ = {isa = PBXBuildFile; fileRef = CD865B56244CFC44009AA0BD /* Preview Assets.xcassets */; };
		CD865B5A244CFC44009AA0BD /* LaunchScreen.storyboard in Resources */ = {isa = PBXBuildFile; fileRef = CD865B58244CFC44009AA0BD /* LaunchScreen.storyboard */; };
/* End PBXBuildFile section */

/* Begin PBXFileReference section */
		CD6373C82465CD57007DA867 /* NASAModel.mlmodel */ = {isa = PBXFileReference; lastKnownFileType = file.mlmodel; path = NASAModel.mlmodel; sourceTree = "<group>"; };
		CD865B4A244CFC41009AA0BD /* NASAML.app */ = {isa = PBXFileReference; explicitFileType = wrapper.application; includeInIndex = 0; path = NASAML.app; sourceTree = BUILT_PRODUCTS_DIR; };
		CD865B4D244CFC41009AA0BD /* AppDelegate.swift */ = {isa = PBXFileReference; lastKnownFileType = sourcecode.swift; path = AppDelegate.swift; sourceTree = "<group>"; };
		CD865B4F244CFC41009AA0BD /* SceneDelegate.swift */ = {isa = PBXFileReference; lastKnownFileType = sourcecode.swift; path = SceneDelegate.swift; sourceTree = "<group>"; };
		CD865B51244CFC41009AA0BD /* ContentView.swift */ = {isa = PBXFileReference; lastKnownFileType = sourcecode.swift; path = ContentView.swift; sourceTree = "<group>"; };
		CD865B53244CFC44009AA0BD /* Assets.xcassets */ = {isa = PBXFileReference; lastKnownFileType = folder.assetcatalog; path = Assets.xcassets; sourceTree = "<group>"; };
		CD865B56244CFC44009AA0BD /* Preview Assets.xcassets */ = {isa = PBXFileReference; lastKnownFileType = folder.assetcatalog; path = "Preview Assets.xcassets"; sourceTree = "<group>"; };
		CD865B59244CFC44009AA0BD /* Base */ = {isa = PBXFileReference; lastKnownFileType = file.storyboard; name = Base; path = Base.lproj/LaunchScreen.storyboard; sourceTree = "<group>"; };
		CD865B5B244CFC44009AA0BD /* Info.plist */ = {isa = PBXFileReference; lastKnownFileType = text.plist.xml; path = Info.plist; sourceTree = "<group>"; };
/* End PBXFileReference section */

/* Begin PBXFrameworksBuildPhase section */
		CD865B47244CFC41009AA0BD /* Frameworks */ = {
			isa = PBXFrameworksBuildPhase;
			buildActionMask = 2147483647;
			files = (
			);
			runOnlyForDeploymentPostprocessing = 0;
		};
/* End PBXFrameworksBuildPhase section */

/* Begin PBXGroup section */
		CD865B41244CFC41009AA0BD = {
			isa = PBXGroup;
			children = (
				CD865B4C244CFC41009AA0BD /* NASAML */,
				CD865B4B244CFC41009AA0BD /* Products */,
			);
			sourceTree = "<group>";
		};
		CD865B4B244CFC41009AA0BD /* Products */ = {
			isa = PBXGroup;
			children = (
				CD865B4A244CFC41009AA0BD /* NASAML.app */,
			);
			name = Products;
			sourceTree = "<group>";
		};
		CD865B4C244CFC41009AA0BD /* NASAML */ = {
			isa = PBXGroup;
			children = (
				CD865B4D244CFC41009AA0BD /* AppDelegate.swift */,
				CD865B4F244CFC41009AA0BD /* SceneDelegate.swift */,
				CD865B51244CFC41009AA0BD /* ContentView.swift */,
				CD6373C82465CD57007DA867 /* NASAModel.mlmodel */,
				CD865B53244CFC44009AA0BD /* Assets.xcassets */,
				CD865B58244CFC44009AA0BD /* LaunchScreen.storyboard */,
				CD865B5B244CFC44009AA0BD /* Info.plist */,
				CD865B55244CFC44009AA0BD /* Preview Content */,
			);
			path = NASAML;
			sourceTree = "<group>";
		};
		CD865B55244CFC44009AA0BD /* Preview Content */ = {
			isa = PBXGroup;
			children = (
				CD865B56244CFC44009AA0BD /* Preview Assets.xcassets */,
			);
			path = "Preview Content";
			sourceTree = "<group>";
		};
/* End PBXGroup section */

/* Begin PBXNativeTarget section */
		CD865B49244CFC41009AA0BD /* NASAML */ = {
			isa = PBXNativeTarget;
			buildConfigurationList = CD865B5E244CFC44009AA0BD /* Build configuration list for PBXNativeTarget "NASAML" */;
			buildPhases = (
				CD865B46244CFC41009AA0BD /* Sources */,
				CD865B47244CFC41009AA0BD /* Frameworks */,
				CD865B48244CFC41009AA0BD /* Resources */,
			);
			buildRules = (
			);
			dependencies = (
			);
			name = NASAML;
			productName = NASAML;
			productReference = CD865B4A244CFC41009AA0BD /* NASAML.app */;
			productType = "com.apple.product-type.application";
		};
/* End PBXNativeTarget section */

/* Begin PBXProject section */
		CD865B42244CFC41009AA0BD /* Project object */ = {
			isa = PBXProject;
			attributes = {
				LastSwiftUpdateCheck = 1130;
				LastUpgradeCheck = 1130;
				ORGANIZATIONNAME = "Sumedh Sohrab";
				TargetAttributes = {
					CD865B49244CFC41009AA0BD = {
						CreatedOnToolsVersion = 11.3.1;
					};
				};
			};
			buildConfigurationList = CD865B45244CFC41009AA0BD /* Build configuration list for PBXProject "NASAML" */;
			compatibilityVersion = "Xcode 9.3";
			developmentRegion = en;
			hasScannedForEncodings = 0;
			knownRegions = (
				en,
				Base,
			);
			mainGroup = CD865B41244CFC41009AA0BD;
			productRefGroup = CD865B4B244CFC41009AA0BD /* Products */;
			projectDirPath = "";
			projectRoot = "";
			targets = (
				CD865B49244CFC41009AA0BD /* NASAML */,
			);
		};
/* End PBXProject section */

/* Begin PBXResourcesBuildPhase section */
		CD865B48244CFC41009AA0BD /* Resources */ = {
			isa = PBXResourcesBuildPhase;
			buildActionMask = 2147483647;
			files = (
				CD865B5A244CFC44009AA0BD /* LaunchScreen.storyboard in Resources */,
				CD865B57244CFC44009AA0BD /* Preview Assets.xcassets in Resources */,
				CD865B54244CFC44009AA0BD /* Assets.xcassets in Resources */,
			);
			runOnlyForDeploymentPostprocessing = 0;
		};
/* End PBXResourcesBuildPhase section */

/* Begin PBXSourcesBuildPhase section */
		CD865B46244CFC41009AA0BD /* Sources */ = {
			isa = PBXSourcesBuildPhase;
			buildActionMask = 2147483647;
			files = (
				CD865B4E244CFC41009AA0BD /* AppDelegate.swift in Sources */,
				CD865B50244CFC41009AA0BD /* SceneDelegate.swift in Sources */,
				CD865B52244CFC41009AA0BD /* ContentView.swift in Sources */,
				CD6373C92465CD57007DA867 /* NASAModel.mlmodel in Sources */,
			);
			runOnlyForDeploymentPostprocessing = 0;
		};
/* End PBXSourcesBuildPhase section */

/* Begin PBXVariantGroup section */
		CD865B58244CFC44009AA0BD /* LaunchScreen.storyboard */ = {
			isa = PBXVariantGroup;
			children = (
				CD865B59244CFC44009AA0BD /* Base */,
			);
			name = LaunchScreen.storyboard;
			sourceTree = "<group>";
		};
/* End PBXVariantGroup section */

/* Begin XCBuildConfiguration section */
		CD865B5C244CFC44009AA0BD /* Debug */ = {
			isa = XCBuildConfiguration;
			buildSettings = {
				ALWAYS_SEARCH_USER_PATHS = NO;
				CLANG_ANALYZER_NONNULL = YES;
				CLANG_ANALYZER_NUMBER_OBJECT_CONVERSION = YES_AGGRESSIVE;
				CLANG_CXX_LANGUAGE_STANDARD = "gnu++14";
				CLANG_CXX_LIBRARY = "libc++";
				CLANG_ENABLE_MODULES = YES;
				CLANG_ENABLE_OBJC_ARC = YES;
				CLANG_ENABLE_OBJC_WEAK = YES;
				CLANG_WARN_BLOCK_CAPTURE_AUTORELEASING = YES;
				CLANG_WARN_BOOL_CONVERSION = YES;
				CLANG_WARN_COMMA = YES;
				CLANG_WARN_CONSTANT_CONVERSION = YES;
				CLANG_WARN_DEPRECATED_OBJC_IMPLEMENTATIONS = YES;
				CLANG_WARN_DIRECT_OBJC_ISA_USAGE = YES_ERROR;
				CLANG_WARN_DOCUMENTATION_COMMENTS = YES;
				CLANG_WARN_EMPTY_BODY = YES;
				CLANG_WARN_ENUM_CONVERSION = YES;
				CLANG_WARN_INFINITE_RECURSION = YES;
				CLANG_WARN_INT_CONVERSION = YES;
				CLANG_WARN_NON_LITERAL_NULL_CONVERSION = YES;
				CLANG_WARN_OBJC_IMPLICIT_RETAIN_SELF = YES;
				CLANG_WARN_OBJC_LITERAL_CONVERSION = YES;
				CLANG_WARN_OBJC_ROOT_CLASS = YES_ERROR;
				CLANG_WARN_RANGE_LOOP_ANALYSIS = YES;
				CLANG_WARN_STRICT_PROTOTYPES = YES;
				CLANG_WARN_SUSPICIOUS_MOVE = YES;
				CLANG_WARN_UNGUARDED_AVAILABILITY = YES_AGGRESSIVE;
				CLANG_WARN_UNREACHABLE_CODE = YES;
				CLANG_WARN__DUPLICATE_METHOD_MATCH = YES;
				COPY_PHASE_STRIP = NO;
				DEBUG_INFORMATION_FORMAT = dwarf;
				ENABLE_STRICT_OBJC_MSGSEND = YES;
				ENABLE_TESTABILITY = YES;
				GCC_C_LANGUAGE_STANDARD = gnu11;
				GCC_DYNAMIC_NO_PIC = NO;
				GCC_NO_COMMON_BLOCKS = YES;
				GCC_OPTIMIZATION_LEVEL = 0;
				GCC_PREPROCESSOR_DEFINITIONS = (
					"DEBUG=1",
					"$(inherited)",
				);
				GCC_WARN_64_TO_32_BIT_CONVERSION = YES;
				GCC_WARN_ABOUT_RETURN_TYPE = YES_ERROR;
				GCC_WARN_UNDECLARED_SELECTOR = YES;
				GCC_WARN_UNINITIALIZED_AUTOS = YES_AGGRESSIVE;
				GCC_WARN_UNUSED_FUNCTION = YES;
				GCC_WARN_UNUSED_VARIABLE = YES;
				IPHONEOS_DEPLOYMENT_TARGET = 13.2;
				MTL_ENABLE_DEBUG_INFO = INCLUDE_SOURCE;
				MTL_FAST_MATH = YES;
				ONLY_ACTIVE_ARCH = YES;
				SDKROOT = iphoneos;
				SWIFT_ACTIVE_COMPILATION_CONDITIONS = DEBUG;
				SWIFT_OPTIMIZATION_LEVEL = "-Onone";
			};
			name = Debug;
		};
		CD865B5D244CFC44009AA0BD /* Release */ = {
			isa = XCBuildConfiguration;
			buildSettings = {
				ALWAYS_SEARCH_USER_PATHS = NO;
				CLANG_ANALYZER_NONNULL = YES;
				CLANG_ANALYZER_NUMBER_OBJECT_CONVERSION = YES_AGGRESSIVE;
				CLANG_CXX_LANGUAGE_STANDARD = "gnu++14";
				CLANG_CXX_LIBRARY = "libc++";
				CLANG_ENABLE_MODULES = YES;
				CLANG_ENABLE_OBJC_ARC = YES;
				CLANG_ENABLE_OBJC_WEAK = YES;
				CLANG_WARN_BLOCK_CAPTURE_AUTORELEASING = YES;
				CLANG_WARN_BOOL_CONVERSION = YES;
				CLANG_WARN_COMMA = YES;
				CLANG_WARN_CONSTANT_CONVERSION = YES;
				CLANG_WARN_DEPRECATED_OBJC_IMPLEMENTATIONS = YES;
				CLANG_WARN_DIRECT_OBJC_ISA_USAGE = YES_ERROR;
				CLANG_WARN_DOCUMENTATION_COMMENTS = YES;
				CLANG_WARN_EMPTY_BODY = YES;
				CLANG_WARN_ENUM_CONVERSION = YES;
				CLANG_WARN_INFINITE_RECURSION = YES;
				CLANG_WARN_INT_CONVERSION = YES;
				CLANG_WARN_NON_LITERAL_NULL_CONVERSION = YES;
				CLANG_WARN_OBJC_IMPLICIT_RETAIN_SELF = YES;
				CLANG_WARN_OBJC_LITERAL_CONVERSION = YES;
				CLANG_WARN_OBJC_ROOT_CLASS = YES_ERROR;
				CLANG_WARN_RANGE_LOOP_ANALYSIS = YES;
				CLANG_WARN_STRICT_PROTOTYPES = YES;
				CLANG_WARN_SUSPICIOUS_MOVE = YES;
				CLANG_WARN_UNGUARDED_AVAILABILITY = YES_AGGRESSIVE;
				CLANG_WARN_UNREACHABLE_CODE = YES;
				CLANG_WARN__DUPLICATE_METHOD_MATCH = YES;
				COPY_PHASE_STRIP = NO;
				DEBUG_INFORMATION_FORMAT = "dwarf-with-dsym";
				ENABLE_NS_ASSERTIONS = NO;
				ENABLE_STRICT_OBJC_MSGSEND = YES;
				GCC_C_LANGUAGE_STANDARD = gnu11;
				GCC_NO_COMMON_BLOCKS = YES;
				GCC_WARN_64_TO_32_BIT_CONVERSION = YES;
				GCC_WARN_ABOUT_RETURN_TYPE = YES_ERROR;
				GCC_WARN_UNDECLARED_SELECTOR = YES;
				GCC_WARN_UNINITIALIZED_AUTOS = YES_AGGRESSIVE;
				GCC_WARN_UNUSED_FUNCTION = YES;
				GCC_WARN_UNUSED_VARIABLE = YES;
				IPHONEOS_DEPLOYMENT_TARGET = 13.2;
				MTL_ENABLE_DEBUG_INFO = NO;
				MTL_FAST_MATH = YES;
				SDKROOT = iphoneos;
				SWIFT_COMPILATION_MODE = wholemodule;
				SWIFT_OPTIMIZATION_LEVEL = "-O";
				VALIDATE_PRODUCT = YES;
			};
			name = Release;
		};
		CD865B5F244CFC44009AA0BD /* Debug */ = {
			isa = XCBuildConfiguration;
			buildSettings = {
				ASSETCATALOG_COMPILER_APPICON_NAME = AppIcon;
				CODE_SIGN_STYLE = Automatic;
				DEVELOPMENT_ASSET_PATHS = "\"NASAML/Preview Content\"";
				DEVELOPMENT_TEAM = AZ6767KRW7;
				ENABLE_PREVIEWS = YES;
				INFOPLIST_FILE = NASAML/Info.plist;
				LD_RUNPATH_SEARCH_PATHS = (
					"$(inherited)",
					"@executable_path/Frameworks",
				);
				PRODUCT_BUNDLE_IDENTIFIER = sumedh.NASAML;
				PRODUCT_NAME = "$(TARGET_NAME)";
				SWIFT_VERSION = 5.0;
				TARGETED_DEVICE_FAMILY = "1,2";
			};
			name = Debug;
		};
		CD865B60244CFC44009AA0BD /* Release */ = {
			isa = XCBuildConfiguration;
			buildSettings = {
				ASSETCATALOG_COMPILER_APPICON_NAME = AppIcon;
				CODE_SIGN_STYLE = Automatic;
				DEVELOPMENT_ASSET_PATHS = "\"NASAML/Preview Content\"";
				DEVELOPMENT_TEAM = AZ6767KRW7;
				ENABLE_PREVIEWS = YES;
				INFOPLIST_FILE = NASAML/Info.plist;
				LD_RUNPATH_SEARCH_PATHS = (
					"$(inherited)",
					"@executable_path/Frameworks",
				);
				PRODUCT_BUNDLE_IDENTIFIER = sumedh.NASAML;
				PRODUCT_NAME = "$(TARGET_NAME)";
				SWIFT_VERSION = 5.0;
				TARGETED_DEVICE_FAMILY = "1,2";
			};
			name = Release;
		};
/* End XCBuildConfiguration section */

/* Begin XCConfigurationList section */
		CD865B45244CFC41009AA0BD /* Build configuration list for PBXProject "NASAML" */ = {
			isa = XCConfigurationList;
			buildConfigurations = (
				CD865B5C244CFC44009AA0BD /* Debug */,
				CD865B5D244CFC44009AA0BD /* Release */,
			);
			defaultConfigurationIsVisible = 0;
			defaultConfigurationName = Release;
		};
		CD865B5E244CFC44009AA0BD /* Build configuration list for PBXNativeTarget "NASAML" */ = {
			isa = XCConfigurationList;
			buildConfigurations = (
				CD865B5F244CFC44009AA0BD /* Debug */,
				CD865B60244CFC44009AA0BD /* Release */,
			);
			defaultConfigurationIsVisible = 0;
			defaultConfigurationName = Release;
		};
/* End XCConfigurationList section */
	};
	rootObject = CD865B42244CFC41009AA0BD /* Project object */;
}
