// !$*UTF8*$!
{
	archiveVersion = 1;
	classes = {
	};
	objectVersion = 50;
	objects = {

/* Begin PBXBuildFile section */
		CD6373D82465E220007DA867 /* AppDelegate.swift in Sources */ = {isa = PBXBuildFile; fileRef = CD6373D72465E220007DA867 /* AppDelegate.swift */; };
		CD6373DA2465E220007DA867 /* SceneDelegate.swift in Sources */ = {isa = PBXBuildFile; fileRef = CD6373D92465E220007DA867 /* SceneDelegate.swift */; };
		CD6373DC2465E220007DA867 /* ContentView.swift in Sources */ = {isa = PBXBuildFile; fileRef = CD6373DB2465E220007DA867 /* ContentView.swift */; };
		CD6373DE2465E228007DA867 /* Assets.xcassets in Resources */ = {isa = PBXBuildFile; fileRef = CD6373DD2465E228007DA867 /* Assets.xcassets */; };
		CD6373E12465E228007DA867 /* Preview Assets.xcassets in Resources */ = {isa = PBXBuildFile; fileRef = CD6373E02465E228007DA867 /* Preview Assets.xcassets */; };
		CD6373E42465E228007DA867 /* LaunchScreen.storyboard in Resources */ = {isa = PBXBuildFile; fileRef = CD6373E22465E228007DA867 /* LaunchScreen.storyboard */; };
		CD6373EC2465E26C007DA867 /* NASAModel.mlmodel in Sources */ = {isa = PBXBuildFile; fileRef = CD6373EB2465E26C007DA867 /* NASAModel.mlmodel */; };
/* End PBXBuildFile section */

/* Begin PBXFileReference section */
		CD6373D42465E220007DA867 /* NASAHCI.app */ = {isa = PBXFileReference; explicitFileType = wrapper.application; includeInIndex = 0; path = NASAHCI.app; sourceTree = BUILT_PRODUCTS_DIR; };
		CD6373D72465E220007DA867 /* AppDelegate.swift */ = {isa = PBXFileReference; lastKnownFileType = sourcecode.swift; path = AppDelegate.swift; sourceTree = "<group>"; };
		CD6373D92465E220007DA867 /* SceneDelegate.swift */ = {isa = PBXFileReference; lastKnownFileType = sourcecode.swift; path = SceneDelegate.swift; sourceTree = "<group>"; };
		CD6373DB2465E220007DA867 /* ContentView.swift */ = {isa = PBXFileReference; lastKnownFileType = sourcecode.swift; path = ContentView.swift; sourceTree = "<group>"; };
		CD6373DD2465E228007DA867 /* Assets.xcassets */ = {isa = PBXFileReference; lastKnownFileType = folder.assetcatalog; path = Assets.xcassets; sourceTree = "<group>"; };
		CD6373E02465E228007DA867 /* Preview Assets.xcassets */ = {isa = PBXFileReference; lastKnownFileType = folder.assetcatalog; path = "Preview Assets.xcassets"; sourceTree = "<group>"; };
		CD6373E32465E228007DA867 /* Base */ = {isa = PBXFileReference; lastKnownFileType = file.storyboard; name = Base; path = Base.lproj/LaunchScreen.storyboard; sourceTree = "<group>"; };
		CD6373E52465E228007DA867 /* Info.plist */ = {isa = PBXFileReference; lastKnownFileType = text.plist.xml; path = Info.plist; sourceTree = "<group>"; };
		CD6373EB2465E26C007DA867 /* NASAModel.mlmodel */ = {isa = PBXFileReference; lastKnownFileType = file.mlmodel; path = NASAModel.mlmodel; sourceTree = "<group>"; };
/* End PBXFileReference section */

/* Begin PBXFrameworksBuildPhase section */
		CD6373D12465E220007DA867 /* Frameworks */ = {
			isa = PBXFrameworksBuildPhase;
			buildActionMask = 2147483647;
			files = (
			);
			runOnlyForDeploymentPostprocessing = 0;
		};
/* End PBXFrameworksBuildPhase section */

/* Begin PBXGroup section */
		CD6373CB2465E220007DA867 = {
			isa = PBXGroup;
			children = (
				CD6373D62465E220007DA867 /* NASAHCI */,
				CD6373D52465E220007DA867 /* Products */,
			);
			sourceTree = "<group>";
		};
		CD6373D52465E220007DA867 /* Products */ = {
			isa = PBXGroup;
			children = (
				CD6373D42465E220007DA867 /* NASAHCI.app */,
			);
			name = Products;
			sourceTree = "<group>";
		};
		CD6373D62465E220007DA867 /* NASAHCI */ = {
			isa = PBXGroup;
			children = (
				CD6373EB2465E26C007DA867 /* NASAModel.mlmodel */,
				CD6373D72465E220007DA867 /* AppDelegate.swift */,
				CD6373D92465E220007DA867 /* SceneDelegate.swift */,
				CD6373DB2465E220007DA867 /* ContentView.swift */,
				CD6373DD2465E228007DA867 /* Assets.xcassets */,
				CD6373E22465E228007DA867 /* LaunchScreen.storyboard */,
				CD6373E52465E228007DA867 /* Info.plist */,
				CD6373DF2465E228007DA867 /* Preview Content */,
			);
			path = NASAHCI;
			sourceTree = "<group>";
		};
		CD6373DF2465E228007DA867 /* Preview Content */ = {
			isa = PBXGroup;
			children = (
				CD6373E02465E228007DA867 /* Preview Assets.xcassets */,
			);
			path = "Preview Content";
			sourceTree = "<group>";
		};
/* End PBXGroup section */

/* Begin PBXNativeTarget section */
		CD6373D32465E220007DA867 /* NASAHCI */ = {
			isa = PBXNativeTarget;
			buildConfigurationList = CD6373E82465E228007DA867 /* Build configuration list for PBXNativeTarget "NASAHCI" */;
			buildPhases = (
				CD6373D02465E220007DA867 /* Sources */,
				CD6373D12465E220007DA867 /* Frameworks */,
				CD6373D22465E220007DA867 /* Resources */,
			);
			buildRules = (
			);
			dependencies = (
			);
			name = NASAHCI;
			productName = NASAHCI;
			productReference = CD6373D42465E220007DA867 /* NASAHCI.app */;
			productType = "com.apple.product-type.application";
		};
/* End PBXNativeTarget section */

/* Begin PBXProject section */
		CD6373CC2465E220007DA867 /* Project object */ = {
			isa = PBXProject;
			attributes = {
				LastSwiftUpdateCheck = 1140;
				LastUpgradeCheck = 1140;
				ORGANIZATIONNAME = "Sumedh Sohrab";
				TargetAttributes = {
					CD6373D32465E220007DA867 = {
						CreatedOnToolsVersion = 11.4.1;
					};
				};
			};
			buildConfigurationList = CD6373CF2465E220007DA867 /* Build configuration list for PBXProject "NASAHCI" */;
			compatibilityVersion = "Xcode 9.3";
			developmentRegion = en;
			hasScannedForEncodings = 0;
			knownRegions = (
				en,
				Base,
			);
			mainGroup = CD6373CB2465E220007DA867;
			productRefGroup = CD6373D52465E220007DA867 /* Products */;
			projectDirPath = "";
			projectRoot = "";
			targets = (
				CD6373D32465E220007DA867 /* NASAHCI */,
			);
		};
/* End PBXProject section */

/* Begin PBXResourcesBuildPhase section */
		CD6373D22465E220007DA867 /* Resources */ = {
			isa = PBXResourcesBuildPhase;
			buildActionMask = 2147483647;
			files = (
				CD6373E42465E228007DA867 /* LaunchScreen.storyboard in Resources */,
				CD6373E12465E228007DA867 /* Preview Assets.xcassets in Resources */,
				CD6373DE2465E228007DA867 /* Assets.xcassets in Resources */,
			);
			runOnlyForDeploymentPostprocessing = 0;
		};
/* End PBXResourcesBuildPhase section */

/* Begin PBXSourcesBuildPhase section */
		CD6373D02465E220007DA867 /* Sources */ = {
			isa = PBXSourcesBuildPhase;
			buildActionMask = 2147483647;
			files = (
				CD6373D82465E220007DA867 /* AppDelegate.swift in Sources */,
				CD6373EC2465E26C007DA867 /* NASAModel.mlmodel in Sources */,
				CD6373DA2465E220007DA867 /* SceneDelegate.swift in Sources */,
				CD6373DC2465E220007DA867 /* ContentView.swift in Sources */,
			);
			runOnlyForDeploymentPostprocessing = 0;
		};
/* End PBXSourcesBuildPhase section */

/* Begin PBXVariantGroup section */
		CD6373E22465E228007DA867 /* LaunchScreen.storyboard */ = {
			isa = PBXVariantGroup;
			children = (
				CD6373E32465E228007DA867 /* Base */,
			);
			name = LaunchScreen.storyboard;
			sourceTree = "<group>";
		};
/* End PBXVariantGroup section */

/* Begin XCBuildConfiguration section */
		CD6373E62465E228007DA867 /* Debug */ = {
			isa = XCBuildConfiguration;
			buildSettings = {
				ALWAYS_SEARCH_USER_PATHS = NO;
				CLANG_ANALYZER_NONNULL = YES;
				CLANG_ANALYZER_NUMBER_OBJECT_CONVERSION = YES_AGGRESSIVE;
				CLANG_CXX_LANGUAGE_STANDARD = "gnu++14";
				CLANG_CXX_LIBRARY = "libc++";
				CLANG_ENABLE_MODULES = YES;
				CLANG_ENABLE_OBJC_ARC = YES;
				CLANG_ENABLE_OBJC_WEAK = YES;
				CLANG_WARN_BLOCK_CAPTURE_AUTORELEASING = YES;
				CLANG_WARN_BOOL_CONVERSION = YES;
				CLANG_WARN_COMMA = YES;
				CLANG_WARN_CONSTANT_CONVERSION = YES;
				CLANG_WARN_DEPRECATED_OBJC_IMPLEMENTATIONS = YES;
				CLANG_WARN_DIRECT_OBJC_ISA_USAGE = YES_ERROR;
				CLANG_WARN_DOCUMENTATION_COMMENTS = YES;
				CLANG_WARN_EMPTY_BODY = YES;
				CLANG_WARN_ENUM_CONVERSION = YES;
				CLANG_WARN_INFINITE_RECURSION = YES;
				CLANG_WARN_INT_CONVERSION = YES;
				CLANG_WARN_NON_LITERAL_NULL_CONVERSION = YES;
				CLANG_WARN_OBJC_IMPLICIT_RETAIN_SELF = YES;
				CLANG_WARN_OBJC_LITERAL_CONVERSION = YES;
				CLANG_WARN_OBJC_ROOT_CLASS = YES_ERROR;
				CLANG_WARN_RANGE_LOOP_ANALYSIS = YES;
				CLANG_WARN_STRICT_PROTOTYPES = YES;
				CLANG_WARN_SUSPICIOUS_MOVE = YES;
				CLANG_WARN_UNGUARDED_AVAILABILITY = YES_AGGRESSIVE;
				CLANG_WARN_UNREACHABLE_CODE = YES;
				CLANG_WARN__DUPLICATE_METHOD_MATCH = YES;
				COPY_PHASE_STRIP = NO;
				DEBUG_INFORMATION_FORMAT = dwarf;
				ENABLE_STRICT_OBJC_MSGSEND = YES;
				ENABLE_TESTABILITY = YES;
				GCC_C_LANGUAGE_STANDARD = gnu11;
				GCC_DYNAMIC_NO_PIC = NO;
				GCC_NO_COMMON_BLOCKS = YES;
				GCC_OPTIMIZATION_LEVEL = 0;
				GCC_PREPROCESSOR_DEFINITIONS = (
					"DEBUG=1",
					"$(inherited)",
				);
				GCC_WARN_64_TO_32_BIT_CONVERSION = YES;
				GCC_WARN_ABOUT_RETURN_TYPE = YES_ERROR;
				GCC_WARN_UNDECLARED_SELECTOR = YES;
				GCC_WARN_UNINITIALIZED_AUTOS = YES_AGGRESSIVE;
				GCC_WARN_UNUSED_FUNCTION = YES;
				GCC_WARN_UNUSED_VARIABLE = YES;
				IPHONEOS_DEPLOYMENT_TARGET = 13.4;
				MTL_ENABLE_DEBUG_INFO = INCLUDE_SOURCE;
				MTL_FAST_MATH = YES;
				ONLY_ACTIVE_ARCH = YES;
				SDKROOT = iphoneos;
				SWIFT_ACTIVE_COMPILATION_CONDITIONS = DEBUG;
				SWIFT_OPTIMIZATION_LEVEL = "-Onone";
			};
			name = Debug;
		};
		CD6373E72465E228007DA867 /* Release */ = {
			isa = XCBuildConfiguration;
			buildSettings = {
				ALWAYS_SEARCH_USER_PATHS = NO;
				CLANG_ANALYZER_NONNULL = YES;
				CLANG_ANALYZER_NUMBER_OBJECT_CONVERSION = YES_AGGRESSIVE;
				CLANG_CXX_LANGUAGE_STANDARD = "gnu++14";
				CLANG_CXX_LIBRARY = "libc++";
				CLANG_ENABLE_MODULES = YES;
				CLANG_ENABLE_OBJC_ARC = YES;
				CLANG_ENABLE_OBJC_WEAK = YES;
				CLANG_WARN_BLOCK_CAPTURE_AUTORELEASING = YES;
				CLANG_WARN_BOOL_CONVERSION = YES;
				CLANG_WARN_COMMA = YES;
				CLANG_WARN_CONSTANT_CONVERSION = YES;
				CLANG_WARN_DEPRECATED_OBJC_IMPLEMENTATIONS = YES;
				CLANG_WARN_DIRECT_OBJC_ISA_USAGE = YES_ERROR;
				CLANG_WARN_DOCUMENTATION_COMMENTS = YES;
				CLANG_WARN_EMPTY_BODY = YES;
				CLANG_WARN_ENUM_CONVERSION = YES;
				CLANG_WARN_INFINITE_RECURSION = YES;
				CLANG_WARN_INT_CONVERSION = YES;
				CLANG_WARN_NON_LITERAL_NULL_CONVERSION = YES;
				CLANG_WARN_OBJC_IMPLICIT_RETAIN_SELF = YES;
				CLANG_WARN_OBJC_LITERAL_CONVERSION = YES;
				CLANG_WARN_OBJC_ROOT_CLASS = YES_ERROR;
				CLANG_WARN_RANGE_LOOP_ANALYSIS = YES;
				CLANG_WARN_STRICT_PROTOTYPES = YES;
				CLANG_WARN_SUSPICIOUS_MOVE = YES;
				CLANG_WARN_UNGUARDED_AVAILABILITY = YES_AGGRESSIVE;
				CLANG_WARN_UNREACHABLE_CODE = YES;
				CLANG_WARN__DUPLICATE_METHOD_MATCH = YES;
				COPY_PHASE_STRIP = NO;
				DEBUG_INFORMATION_FORMAT = "dwarf-with-dsym";
				ENABLE_NS_ASSERTIONS = NO;
				ENABLE_STRICT_OBJC_MSGSEND = YES;
				GCC_C_LANGUAGE_STANDARD = gnu11;
				GCC_NO_COMMON_BLOCKS = YES;
				GCC_WARN_64_TO_32_BIT_CONVERSION = YES;
				GCC_WARN_ABOUT_RETURN_TYPE = YES_ERROR;
				GCC_WARN_UNDECLARED_SELECTOR = YES;
				GCC_WARN_UNINITIALIZED_AUTOS = YES_AGGRESSIVE;
				GCC_WARN_UNUSED_FUNCTION = YES;
				GCC_WARN_UNUSED_VARIABLE = YES;
				IPHONEOS_DEPLOYMENT_TARGET = 13.4;
				MTL_ENABLE_DEBUG_INFO = NO;
				MTL_FAST_MATH = YES;
				SDKROOT = iphoneos;
				SWIFT_COMPILATION_MODE = wholemodule;
				SWIFT_OPTIMIZATION_LEVEL = "-O";
				VALIDATE_PRODUCT = YES;
			};
			name = Release;
		};
		CD6373E92465E228007DA867 /* Debug */ = {
			isa = XCBuildConfiguration;
			buildSettings = {
				ASSETCATALOG_COMPILER_APPICON_NAME = AppIcon;
				CODE_SIGN_STYLE = Automatic;
				DEVELOPMENT_ASSET_PATHS = "\"NASAHCI/Preview Content\"";
				DEVELOPMENT_TEAM = AZ6767KRW7;
				ENABLE_PREVIEWS = YES;
				INFOPLIST_FILE = NASAHCI/Info.plist;
				LD_RUNPATH_SEARCH_PATHS = (
					"$(inherited)",
					"@executable_path/Frameworks",
				);
				PRODUCT_BUNDLE_IDENTIFIER = AdAstra.NASAHCI;
				PRODUCT_NAME = "$(TARGET_NAME)";
				SWIFT_VERSION = 5.0;
				TARGETED_DEVICE_FAMILY = "1,2";
			};
			name = Debug;
		};
		CD6373EA2465E228007DA867 /* Release */ = {
			isa = XCBuildConfiguration;
			buildSettings = {
				ASSETCATALOG_COMPILER_APPICON_NAME = AppIcon;
				CODE_SIGN_STYLE = Automatic;
				DEVELOPMENT_ASSET_PATHS = "\"NASAHCI/Preview Content\"";
				DEVELOPMENT_TEAM = AZ6767KRW7;
				ENABLE_PREVIEWS = YES;
				INFOPLIST_FILE = NASAHCI/Info.plist;
				LD_RUNPATH_SEARCH_PATHS = (
					"$(inherited)",
					"@executable_path/Frameworks",
				);
				PRODUCT_BUNDLE_IDENTIFIER = AdAstra.NASAHCI;
				PRODUCT_NAME = "$(TARGET_NAME)";
				SWIFT_VERSION = 5.0;
				TARGETED_DEVICE_FAMILY = "1,2";
			};
			name = Release;
		};
/* End XCBuildConfiguration section */

/* Begin XCConfigurationList section */
		CD6373CF2465E220007DA867 /* Build configuration list for PBXProject "NASAHCI" */ = {
			isa = XCConfigurationList;
			buildConfigurations = (
				CD6373E62465E228007DA867 /* Debug */,
				CD6373E72465E228007DA867 /* Release */,
			);
			defaultConfigurationIsVisible = 0;
			defaultConfigurationName = Release;
		};
		CD6373E82465E228007DA867 /* Build configuration list for PBXNativeTarget "NASAHCI" */ = {
			isa = XCConfigurationList;
			buildConfigurations = (
				CD6373E92465E228007DA867 /* Debug */,
				CD6373EA2465E228007DA867 /* Release */,
			);
			defaultConfigurationIsVisible = 0;
			defaultConfigurationName = Release;
		};
/* End XCConfigurationList section */
	};
	rootObject = CD6373CC2465E220007DA867 /* Project object */;
}
